// !$*UTF8*$!
{
	archiveVersion = 1;
	classes = {
	};
	objectVersion = 50;
	objects = {

/* Begin PBXBuildFile section */
		ED117B0522B02EAB0024819B /* NewsItem.swift in Sources */ = {isa = PBXBuildFile; fileRef = ED117B0422B02EAB0024819B /* NewsItem.swift */; };
		ED263D0A22B004A800C10F0D /* NewsTableViewCell.swift in Sources */ = {isa = PBXBuildFile; fileRef = ED263D0922B004A800C10F0D /* NewsTableViewCell.swift */; };
		EDA439B722B001D200B58F69 /* AppDelegate.swift in Sources */ = {isa = PBXBuildFile; fileRef = EDA439B622B001D200B58F69 /* AppDelegate.swift */; };
		EDA439B922B001D200B58F69 /* ViewController.swift in Sources */ = {isa = PBXBuildFile; fileRef = EDA439B822B001D200B58F69 /* ViewController.swift */; };
		EDA439BC22B001D200B58F69 /* Main.storyboard in Resources */ = {isa = PBXBuildFile; fileRef = EDA439BA22B001D200B58F69 /* Main.storyboard */; };
		EDA439BE22B001D400B58F69 /* Assets.xcassets in Resources */ = {isa = PBXBuildFile; fileRef = EDA439BD22B001D400B58F69 /* Assets.xcassets */; };
		EDA439C122B001D400B58F69 /* LaunchScreen.storyboard in Resources */ = {isa = PBXBuildFile; fileRef = EDA439BF22B001D400B58F69 /* LaunchScreen.storyboard */; };
/* End PBXBuildFile section */

/* Begin PBXFileReference section */
		ED117B0422B02EAB0024819B /* NewsItem.swift */ = {isa = PBXFileReference; lastKnownFileType = sourcecode.swift; path = NewsItem.swift; sourceTree = "<group>"; };
		ED263D0922B004A800C10F0D /* NewsTableViewCell.swift */ = {isa = PBXFileReference; lastKnownFileType = sourcecode.swift; path = NewsTableViewCell.swift; sourceTree = "<group>"; };
		EDA439B322B001D200B58F69 /* StretchMyHead.app */ = {isa = PBXFileReference; explicitFileType = wrapper.application; includeInIndex = 0; path = StretchMyHead.app; sourceTree = BUILT_PRODUCTS_DIR; };
		EDA439B622B001D200B58F69 /* AppDelegate.swift */ = {isa = PBXFileReference; lastKnownFileType = sourcecode.swift; path = AppDelegate.swift; sourceTree = "<group>"; };
		EDA439B822B001D200B58F69 /* ViewController.swift */ = {isa = PBXFileReference; lastKnownFileType = sourcecode.swift; path = ViewController.swift; sourceTree = "<group>"; };
		EDA439BB22B001D200B58F69 /* Base */ = {isa = PBXFileReference; lastKnownFileType = file.storyboard; name = Base; path = Base.lproj/Main.storyboard; sourceTree = "<group>"; };
		EDA439BD22B001D400B58F69 /* Assets.xcassets */ = {isa = PBXFileReference; lastKnownFileType = folder.assetcatalog; path = Assets.xcassets; sourceTree = "<group>"; };
		EDA439C022B001D400B58F69 /* Base */ = {isa = PBXFileReference; lastKnownFileType = file.storyboard; name = Base; path = Base.lproj/LaunchScreen.storyboard; sourceTree = "<group>"; };
		EDA439C222B001D400B58F69 /* Info.plist */ = {isa = PBXFileReference; lastKnownFileType = text.plist.xml; path = Info.plist; sourceTree = "<group>"; };
/* End PBXFileReference section */

/* Begin PBXFrameworksBuildPhase section */
		EDA439B022B001D200B58F69 /* Frameworks */ = {
			isa = PBXFrameworksBuildPhase;
			buildActionMask = 2147483647;
			files = (
			);
			runOnlyForDeploymentPostprocessing = 0;
		};
/* End PBXFrameworksBuildPhase section */

/* Begin PBXGroup section */
		EDA439AA22B001D200B58F69 = {
			isa = PBXGroup;
			children = (
				EDA439B522B001D200B58F69 /* StretchMyHead */,
				EDA439B422B001D200B58F69 /* Products */,
			);
			sourceTree = "<group>";
		};
		EDA439B422B001D200B58F69 /* Products */ = {
			isa = PBXGroup;
			children = (
				EDA439B322B001D200B58F69 /* StretchMyHead.app */,
			);
			name = Products;
			sourceTree = "<group>";
		};
		EDA439B522B001D200B58F69 /* StretchMyHead */ = {
			isa = PBXGroup;
			children = (
				EDA439B622B001D200B58F69 /* AppDelegate.swift */,
				EDA439B822B001D200B58F69 /* ViewController.swift */,
				ED117B0422B02EAB0024819B /* NewsItem.swift */,
				ED263D0922B004A800C10F0D /* NewsTableViewCell.swift */,
				EDA439BA22B001D200B58F69 /* Main.storyboard */,
				EDA439BD22B001D400B58F69 /* Assets.xcassets */,
				EDA439BF22B001D400B58F69 /* LaunchScreen.storyboard */,
				EDA439C222B001D400B58F69 /* Info.plist */,
			);
			path = StretchMyHead;
			sourceTree = "<group>";
		};
/* End PBXGroup section */

/* Begin PBXNativeTarget section */
		EDA439B222B001D200B58F69 /* StretchMyHead */ = {
			isa = PBXNativeTarget;
			buildConfigurationList = EDA439C522B001D400B58F69 /* Build configuration list for PBXNativeTarget "StretchMyHead" */;
			buildPhases = (
				EDA439AF22B001D200B58F69 /* Sources */,
				EDA439B022B001D200B58F69 /* Frameworks */,
				EDA439B122B001D200B58F69 /* Resources */,
			);
			buildRules = (
			);
			dependencies = (
			);
			name = StretchMyHead;
			productName = StretchMyHead;
			productReference = EDA439B322B001D200B58F69 /* StretchMyHead.app */;
			productType = "com.apple.product-type.application";
		};
/* End PBXNativeTarget section */

/* Begin PBXProject section */
		EDA439AB22B001D200B58F69 /* Project object */ = {
			isa = PBXProject;
			attributes = {
				LastSwiftUpdateCheck = 1020;
				LastUpgradeCheck = 1020;
				ORGANIZATIONNAME = "Dayson Dong";
				TargetAttributes = {
					EDA439B222B001D200B58F69 = {
						CreatedOnToolsVersion = 10.2.1;
					};
				};
			};
			buildConfigurationList = EDA439AE22B001D200B58F69 /* Build configuration list for PBXProject "StretchMyHead" */;
			compatibilityVersion = "Xcode 9.3";
			developmentRegion = en;
			hasScannedForEncodings = 0;
			knownRegions = (
				en,
				Base,
			);
			mainGroup = EDA439AA22B001D200B58F69;
			productRefGroup = EDA439B422B001D200B58F69 /* Products */;
			projectDirPath = "";
			projectRoot = "";
			targets = (
				EDA439B222B001D200B58F69 /* StretchMyHead */,
			);
		};
/* End PBXProject section */

/* Begin PBXResourcesBuildPhase section */
		EDA439B122B001D200B58F69 /* Resources */ = {
			isa = PBXResourcesBuildPhase;
			buildActionMask = 2147483647;
			files = (
				EDA439C122B001D400B58F69 /* LaunchScreen.storyboard in Resources */,
				EDA439BE22B001D400B58F69 /* Assets.xcassets in Resources */,
				EDA439BC22B001D200B58F69 /* Main.storyboard in Resources */,
			);
			runOnlyForDeploymentPostprocessing = 0;
		};
/* End PBXResourcesBuildPhase section */

/* Begin PBXSourcesBuildPhase section */
		EDA439AF22B001D200B58F69 /* Sources */ = {
			isa = PBXSourcesBuildPhase;
			buildActionMask = 2147483647;
			files = (
				EDA439B922B001D200B58F69 /* ViewController.swift in Sources */,
				ED117B0522B02EAB0024819B /* NewsItem.swift in Sources */,
				EDA439B722B001D200B58F69 /* AppDelegate.swift in Sources */,
				ED263D0A22B004A800C10F0D /* NewsTableViewCell.swift in Sources */,
			);
			runOnlyForDeploymentPostprocessing = 0;
		};
/* End PBXSourcesBuildPhase section */

/* Begin PBXVariantGroup section */
		EDA439BA22B001D200B58F69 /* Main.storyboard */ = {
			isa = PBXVariantGroup;
			children = (
				EDA439BB22B001D200B58F69 /* Base */,
			);
			name = Main.storyboard;
			sourceTree = "<group>";
		};
		EDA439BF22B001D400B58F69 /* LaunchScreen.storyboard */ = {
			isa = PBXVariantGroup;
			children = (
				EDA439C022B001D400B58F69 /* Base */,
			);
			name = LaunchScreen.storyboard;
			sourceTree = "<group>";
		};
/* End PBXVariantGroup section */

/* Begin XCBuildConfiguration section */
		EDA439C322B001D400B58F69 /* Debug */ = {
			isa = XCBuildConfiguration;
			buildSettings = {
				ALWAYS_SEARCH_USER_PATHS = NO;
				CLANG_ANALYZER_NONNULL = YES;
				CLANG_ANALYZER_NUMBER_OBJECT_CONVERSION = YES_AGGRESSIVE;
				CLANG_CXX_LANGUAGE_STANDARD = "gnu++14";
				CLANG_CXX_LIBRARY = "libc++";
				CLANG_ENABLE_MODULES = YES;
				CLANG_ENABLE_OBJC_ARC = YES;
				CLANG_ENABLE_OBJC_WEAK = YES;
				CLANG_WARN_BLOCK_CAPTURE_AUTORELEASING = YES;
				CLANG_WARN_BOOL_CONVERSION = YES;
				CLANG_WARN_COMMA = YES;
				CLANG_WARN_CONSTANT_CONVERSION = YES;
				CLANG_WARN_DEPRECATED_OBJC_IMPLEMENTATIONS = YES;
				CLANG_WARN_DIRECT_OBJC_ISA_USAGE = YES_ERROR;
				CLANG_WARN_DOCUMENTATION_COMMENTS = YES;
				CLANG_WARN_EMPTY_BODY = YES;
				CLANG_WARN_ENUM_CONVERSION = YES;
				CLANG_WARN_INFINITE_RECURSION = YES;
				CLANG_WARN_INT_CONVERSION = YES;
				CLANG_WARN_NON_LITERAL_NULL_CONVERSION = YES;
				CLANG_WARN_OBJC_IMPLICIT_RETAIN_SELF = YES;
				CLANG_WARN_OBJC_LITERAL_CONVERSION = YES;
				CLANG_WARN_OBJC_ROOT_CLASS = YES_ERROR;
				CLANG_WARN_RANGE_LOOP_ANALYSIS = YES;
				CLANG_WARN_STRICT_PROTOTYPES = YES;
				CLANG_WARN_SUSPICIOUS_MOVE = YES;
				CLANG_WARN_UNGUARDED_AVAILABILITY = YES_AGGRESSIVE;
				CLANG_WARN_UNREACHABLE_CODE = YES;
				CLANG_WARN__DUPLICATE_METHOD_MATCH = YES;
				CODE_SIGN_IDENTITY = "iPhone Developer";
				COPY_PHASE_STRIP = NO;
				DEBUG_INFORMATION_FORMAT = dwarf;
				ENABLE_STRICT_OBJC_MSGSEND = YES;
				ENABLE_TESTABILITY = YES;
				GCC_C_LANGUAGE_STANDARD = gnu11;
				GCC_DYNAMIC_NO_PIC = NO;
				GCC_NO_COMMON_BLOCKS = YES;
				GCC_OPTIMIZATION_LEVEL = 0;
				GCC_PREPROCESSOR_DEFINITIONS = (
					"DEBUG=1",
					"$(inherited)",
				);
				GCC_WARN_64_TO_32_BIT_CONVERSION = YES;
				GCC_WARN_ABOUT_RETURN_TYPE = YES_ERROR;
				GCC_WARN_UNDECLARED_SELECTOR = YES;
				GCC_WARN_UNINITIALIZED_AUTOS = YES_AGGRESSIVE;
				GCC_WARN_UNUSED_FUNCTION = YES;
				GCC_WARN_UNUSED_VARIABLE = YES;
				IPHONEOS_DEPLOYMENT_TARGET = 12.2;
				MTL_ENABLE_DEBUG_INFO = INCLUDE_SOURCE;
				MTL_FAST_MATH = YES;
				ONLY_ACTIVE_ARCH = YES;
				SDKROOT = iphoneos;
				SWIFT_ACTIVE_COMPILATION_CONDITIONS = DEBUG;
				SWIFT_OPTIMIZATION_LEVEL = "-Onone";
			};
			name = Debug;
		};
		EDA439C422B001D400B58F69 /* Release */ = {
			isa = XCBuildConfiguration;
			buildSettings = {
				ALWAYS_SEARCH_USER_PATHS = NO;
				CLANG_ANALYZER_NONNULL = YES;
				CLANG_ANALYZER_NUMBER_OBJECT_CONVERSION = YES_AGGRESSIVE;
				CLANG_CXX_LANGUAGE_STANDARD = "gnu++14";
				CLANG_CXX_LIBRARY = "libc++";
				CLANG_ENABLE_MODULES = YES;
				CLANG_ENABLE_OBJC_ARC = YES;
				CLANG_ENABLE_OBJC_WEAK = YES;
				CLANG_WARN_BLOCK_CAPTURE_AUTORELEASING = YES;
				CLANG_WARN_BOOL_CONVERSION = YES;
				CLANG_WARN_COMMA = YES;
				CLANG_WARN_CONSTANT_CONVERSION = YES;
				CLANG_WARN_DEPRECATED_OBJC_IMPLEMENTATIONS = YES;
				CLANG_WARN_DIRECT_OBJC_ISA_USAGE = YES_ERROR;
				CLANG_WARN_DOCUMENTATION_COMMENTS = YES;
				CLANG_WARN_EMPTY_BODY = YES;
				CLANG_WARN_ENUM_CONVERSION = YES;
				CLANG_WARN_INFINITE_RECURSION = YES;
				CLANG_WARN_INT_CONVERSION = YES;
				CLANG_WARN_NON_LITERAL_NULL_CONVERSION = YES;
				CLANG_WARN_OBJC_IMPLICIT_RETAIN_SELF = YES;
				CLANG_WARN_OBJC_LITERAL_CONVERSION = YES;
				CLANG_WARN_OBJC_ROOT_CLASS = YES_ERROR;
				CLANG_WARN_RANGE_LOOP_ANALYSIS = YES;
				CLANG_WARN_STRICT_PROTOTYPES = YES;
				CLANG_WARN_SUSPICIOUS_MOVE = YES;
				CLANG_WARN_UNGUARDED_AVAILABILITY = YES_AGGRESSIVE;
				CLANG_WARN_UNREACHABLE_CODE = YES;
				CLANG_WARN__DUPLICATE_METHOD_MATCH = YES;
				CODE_SIGN_IDENTITY = "iPhone Developer";
				COPY_PHASE_STRIP = NO;
				DEBUG_INFORMATION_FORMAT = "dwarf-with-dsym";
				ENABLE_NS_ASSERTIONS = NO;
				ENABLE_STRICT_OBJC_MSGSEND = YES;
				GCC_C_LANGUAGE_STANDARD = gnu11;
				GCC_NO_COMMON_BLOCKS = YES;
				GCC_WARN_64_TO_32_BIT_CONVERSION = YES;
				GCC_WARN_ABOUT_RETURN_TYPE = YES_ERROR;
				GCC_WARN_UNDECLARED_SELECTOR = YES;
				GCC_WARN_UNINITIALIZED_AUTOS = YES_AGGRESSIVE;
				GCC_WARN_UNUSED_FUNCTION = YES;
				GCC_WARN_UNUSED_VARIABLE = YES;
				IPHONEOS_DEPLOYMENT_TARGET = 12.2;
				MTL_ENABLE_DEBUG_INFO = NO;
				MTL_FAST_MATH = YES;
				SDKROOT = iphoneos;
				SWIFT_COMPILATION_MODE = wholemodule;
				SWIFT_OPTIMIZATION_LEVEL = "-O";
				VALIDATE_PRODUCT = YES;
			};
			name = Release;
		};
		EDA439C622B001D400B58F69 /* Debug */ = {
			isa = XCBuildConfiguration;
			buildSettings = {
				ASSETCATALOG_COMPILER_APPICON_NAME = AppIcon;
				CODE_SIGN_STYLE = Automatic;
				DEVELOPMENT_TEAM = D2VZ8N8LJC;
				INFOPLIST_FILE = StretchMyHead/Info.plist;
				LD_RUNPATH_SEARCH_PATHS = (
					"$(inherited)",
					"@executable_path/Frameworks",
				);
				PRODUCT_BUNDLE_IDENTIFIER = com.dsn.StretchMyHead;
				PRODUCT_NAME = "$(TARGET_NAME)";
				SWIFT_VERSION = 5.0;
				TARGETED_DEVICE_FAMILY = "1,2";
			};
			name = Debug;
		};
		EDA439C722B001D400B58F69 /* Release */ = {
			isa = XCBuildConfiguration;
			buildSettings = {
				ASSETCATALOG_COMPILER_APPICON_NAME = AppIcon;
				CODE_SIGN_STYLE = Automatic;
				DEVELOPMENT_TEAM = D2VZ8N8LJC;
				INFOPLIST_FILE = StretchMyHead/Info.plist;
				LD_RUNPATH_SEARCH_PATHS = (
					"$(inherited)",
					"@executable_path/Frameworks",
				);
				PRODUCT_BUNDLE_IDENTIFIER = com.dsn.StretchMyHead;
				PRODUCT_NAME = "$(TARGET_NAME)";
				SWIFT_VERSION = 5.0;
				TARGETED_DEVICE_FAMILY = "1,2";
			};
			name = Release;
		};
/* End XCBuildConfiguration section */

/* Begin XCConfigurationList section */
		EDA439AE22B001D200B58F69 /* Build configuration list for PBXProject "StretchMyHead" */ = {
			isa = XCConfigurationList;
			buildConfigurations = (
				EDA439C322B001D400B58F69 /* Debug */,
				EDA439C422B001D400B58F69 /* Release */,
			);
			defaultConfigurationIsVisible = 0;
			defaultConfigurationName = Release;
		};
		EDA439C522B001D400B58F69 /* Build configuration list for PBXNativeTarget "StretchMyHead" */ = {
			isa = XCConfigurationList;
			buildConfigurations = (
				EDA439C622B001D400B58F69 /* Debug */,
				EDA439C722B001D400B58F69 /* Release */,
			);
			defaultConfigurationIsVisible = 0;
			defaultConfigurationName = Release;
		};
/* End XCConfigurationList section */
	};
	rootObject = EDA439AB22B001D200B58F69 /* Project object */;
}
